// !$*UTF8*$!
{
	archiveVersion = 1;
	classes = {
	};
	objectVersion = 51;
	objects = {

/* Begin PBXBuildFile section */
		49560E694E7FB30E64256739 /* Pods_ProductCatExampleTests.framework in Frameworks */ = {isa = PBXBuildFile; fileRef = 9BC0AAEE95A78B61A01F713A /* Pods_ProductCatExampleTests.framework */; };
		52D0A2E58B6858FE0FBF120F /* Pods_ProductCatExample.framework in Frameworks */ = {isa = PBXBuildFile; fileRef = A74C2EFC968CBEA807DEB31D /* Pods_ProductCatExample.framework */; };
		59AE9DD9731EF960B9041E5D /* Pods_ProductCatExample_ProductCatExampleUITests.framework in Frameworks */ = {isa = PBXBuildFile; fileRef = EAEF054DD5CFB52B6CB3AE8B /* Pods_ProductCatExample_ProductCatExampleUITests.framework */; };
		BD4427D2244989360026252F /* CameraPreviewViewController.swift in Sources */ = {isa = PBXBuildFile; fileRef = BD4427D1244989360026252F /* CameraPreviewViewController.swift */; };
		BD4427D5244991E20026252F /* SafariServices.framework in Frameworks */ = {isa = PBXBuildFile; fileRef = BD4427D4244991E20026252F /* SafariServices.framework */; };
		BD73FC21244436AD00AE9D81 /* AppDelegate.swift in Sources */ = {isa = PBXBuildFile; fileRef = BD73FC20244436AD00AE9D81 /* AppDelegate.swift */; };
		BD73FC23244436AD00AE9D81 /* SceneDelegate.swift in Sources */ = {isa = PBXBuildFile; fileRef = BD73FC22244436AD00AE9D81 /* SceneDelegate.swift */; };
		BD73FC25244436AD00AE9D81 /* ViewController.swift in Sources */ = {isa = PBXBuildFile; fileRef = BD73FC24244436AD00AE9D81 /* ViewController.swift */; };
		BD73FC28244436AD00AE9D81 /* Main.storyboard in Resources */ = {isa = PBXBuildFile; fileRef = BD73FC26244436AD00AE9D81 /* Main.storyboard */; };
		BD73FC2A244436AF00AE9D81 /* Assets.xcassets in Resources */ = {isa = PBXBuildFile; fileRef = BD73FC29244436AF00AE9D81 /* Assets.xcassets */; };
		BD73FC2D244436AF00AE9D81 /* LaunchScreen.storyboard in Resources */ = {isa = PBXBuildFile; fileRef = BD73FC2B244436AF00AE9D81 /* LaunchScreen.storyboard */; };
		BD73FC38244436AF00AE9D81 /* ProductCatExampleTests.swift in Sources */ = {isa = PBXBuildFile; fileRef = BD73FC37244436AF00AE9D81 /* ProductCatExampleTests.swift */; };
		BD73FC43244436AF00AE9D81 /* ProductCatExampleUITests.swift in Sources */ = {isa = PBXBuildFile; fileRef = BD73FC42244436AF00AE9D81 /* ProductCatExampleUITests.swift */; };
		BD73FC6324443FA500AE9D81 /* ProductCat.framework in Frameworks */ = {isa = PBXBuildFile; fileRef = BD73FC5F2444370A00AE9D81 /* ProductCat.framework */; };
		BDCFBD2C24448D6300367FB4 /* AdSupport.framework in Frameworks */ = {isa = PBXBuildFile; fileRef = BDCFBD2924448D6300367FB4 /* AdSupport.framework */; };
		BDCFBD3124448EAC00367FB4 /* ProductCat.framework in Embed Frameworks */ = {isa = PBXBuildFile; fileRef = BD73FC5F2444370A00AE9D81 /* ProductCat.framework */; settings = {ATTRIBUTES = (CodeSignOnCopy, RemoveHeadersOnCopy, ); }; };
/* End PBXBuildFile section */

/* Begin PBXContainerItemProxy section */
		BD73FC34244436AF00AE9D81 /* PBXContainerItemProxy */ = {
			isa = PBXContainerItemProxy;
			containerPortal = BD73FC15244436AC00AE9D81 /* Project object */;
			proxyType = 1;
			remoteGlobalIDString = BD73FC1C244436AC00AE9D81;
			remoteInfo = ProductCatExample;
		};
		BD73FC3F244436AF00AE9D81 /* PBXContainerItemProxy */ = {
			isa = PBXContainerItemProxy;
			containerPortal = BD73FC15244436AC00AE9D81 /* Project object */;
			proxyType = 1;
			remoteGlobalIDString = BD73FC1C244436AC00AE9D81;
			remoteInfo = ProductCatExample;
		};
		BD73FC5E2444370A00AE9D81 /* PBXContainerItemProxy */ = {
			isa = PBXContainerItemProxy;
			containerPortal = BD73FC592444370A00AE9D81 /* ProductCat.xcodeproj */;
			proxyType = 2;
			remoteGlobalIDString = BD0BF5E9243B7BB4000C7C7F;
			remoteInfo = ProductCat;
		};
		BD73FC602444370A00AE9D81 /* PBXContainerItemProxy */ = {
			isa = PBXContainerItemProxy;
			containerPortal = BD73FC592444370A00AE9D81 /* ProductCat.xcodeproj */;
			proxyType = 2;
			remoteGlobalIDString = BD0BF5F2243B7BB4000C7C7F;
			remoteInfo = ProductCatTests;
		};
		BDCFBD2D24448DCE00367FB4 /* PBXContainerItemProxy */ = {
			isa = PBXContainerItemProxy;
			containerPortal = BD73FC592444370A00AE9D81 /* ProductCat.xcodeproj */;
			proxyType = 1;
			remoteGlobalIDString = BD0BF5E8243B7BB4000C7C7F;
			remoteInfo = ProductCat;
		};
/* End PBXContainerItemProxy section */

/* Begin PBXCopyFilesBuildPhase section */
		BDCFBD3024448E9900367FB4 /* Embed Frameworks */ = {
			isa = PBXCopyFilesBuildPhase;
			buildActionMask = 2147483647;
			dstPath = "";
			dstSubfolderSpec = 10;
			files = (
				BDCFBD3124448EAC00367FB4 /* ProductCat.framework in Embed Frameworks */,
			);
			name = "Embed Frameworks";
			runOnlyForDeploymentPostprocessing = 0;
		};
/* End PBXCopyFilesBuildPhase section */

/* Begin PBXFileReference section */
		393D9AF36BCB6C5585AB0ECC /* Pods-ProductCatExample.release.xcconfig */ = {isa = PBXFileReference; includeInIndex = 1; lastKnownFileType = text.xcconfig; name = "Pods-ProductCatExample.release.xcconfig"; path = "Target Support Files/Pods-ProductCatExample/Pods-ProductCatExample.release.xcconfig"; sourceTree = "<group>"; };
		6F92D0914BC02BCDD5B83444 /* Pods-ProductCatExample.debug.xcconfig */ = {isa = PBXFileReference; includeInIndex = 1; lastKnownFileType = text.xcconfig; name = "Pods-ProductCatExample.debug.xcconfig"; path = "Target Support Files/Pods-ProductCatExample/Pods-ProductCatExample.debug.xcconfig"; sourceTree = "<group>"; };
		73C37641B2D83141BC8AB6CB /* Pods-ProductCatExample-ProductCatExampleUITests.release.xcconfig */ = {isa = PBXFileReference; includeInIndex = 1; lastKnownFileType = text.xcconfig; name = "Pods-ProductCatExample-ProductCatExampleUITests.release.xcconfig"; path = "Target Support Files/Pods-ProductCatExample-ProductCatExampleUITests/Pods-ProductCatExample-ProductCatExampleUITests.release.xcconfig"; sourceTree = "<group>"; };
		8A7C5CBD1C3E1EF64AB032F9 /* Pods-ProductCatExample-ProductCatExampleUITests.debug.xcconfig */ = {isa = PBXFileReference; includeInIndex = 1; lastKnownFileType = text.xcconfig; name = "Pods-ProductCatExample-ProductCatExampleUITests.debug.xcconfig"; path = "Target Support Files/Pods-ProductCatExample-ProductCatExampleUITests/Pods-ProductCatExample-ProductCatExampleUITests.debug.xcconfig"; sourceTree = "<group>"; };
		9BC0AAEE95A78B61A01F713A /* Pods_ProductCatExampleTests.framework */ = {isa = PBXFileReference; explicitFileType = wrapper.framework; includeInIndex = 0; path = Pods_ProductCatExampleTests.framework; sourceTree = BUILT_PRODUCTS_DIR; };
		A24E089501E7FD3151EE1154 /* Pods-ProductCatExampleTests.debug.xcconfig */ = {isa = PBXFileReference; includeInIndex = 1; lastKnownFileType = text.xcconfig; name = "Pods-ProductCatExampleTests.debug.xcconfig"; path = "Target Support Files/Pods-ProductCatExampleTests/Pods-ProductCatExampleTests.debug.xcconfig"; sourceTree = "<group>"; };
		A74C2EFC968CBEA807DEB31D /* Pods_ProductCatExample.framework */ = {isa = PBXFileReference; explicitFileType = wrapper.framework; includeInIndex = 0; path = Pods_ProductCatExample.framework; sourceTree = BUILT_PRODUCTS_DIR; };
		BD4427D1244989360026252F /* CameraPreviewViewController.swift */ = {isa = PBXFileReference; lastKnownFileType = sourcecode.swift; path = CameraPreviewViewController.swift; sourceTree = "<group>"; };
		BD4427D4244991E20026252F /* SafariServices.framework */ = {isa = PBXFileReference; lastKnownFileType = wrapper.framework; name = SafariServices.framework; path = System/Library/Frameworks/SafariServices.framework; sourceTree = SDKROOT; };
		BD73FC1D244436AC00AE9D81 /* ProductCatExample.app */ = {isa = PBXFileReference; explicitFileType = wrapper.application; includeInIndex = 0; path = ProductCatExample.app; sourceTree = BUILT_PRODUCTS_DIR; };
		BD73FC20244436AD00AE9D81 /* AppDelegate.swift */ = {isa = PBXFileReference; lastKnownFileType = sourcecode.swift; path = AppDelegate.swift; sourceTree = "<group>"; };
		BD73FC22244436AD00AE9D81 /* SceneDelegate.swift */ = {isa = PBXFileReference; lastKnownFileType = sourcecode.swift; path = SceneDelegate.swift; sourceTree = "<group>"; };
		BD73FC24244436AD00AE9D81 /* ViewController.swift */ = {isa = PBXFileReference; lastKnownFileType = sourcecode.swift; path = ViewController.swift; sourceTree = "<group>"; };
		BD73FC27244436AD00AE9D81 /* Base */ = {isa = PBXFileReference; lastKnownFileType = file.storyboard; name = Base; path = Base.lproj/Main.storyboard; sourceTree = "<group>"; };
		BD73FC29244436AF00AE9D81 /* Assets.xcassets */ = {isa = PBXFileReference; lastKnownFileType = folder.assetcatalog; path = Assets.xcassets; sourceTree = "<group>"; };
		BD73FC2C244436AF00AE9D81 /* Base */ = {isa = PBXFileReference; lastKnownFileType = file.storyboard; name = Base; path = Base.lproj/LaunchScreen.storyboard; sourceTree = "<group>"; };
		BD73FC2E244436AF00AE9D81 /* Info.plist */ = {isa = PBXFileReference; lastKnownFileType = text.plist.xml; path = Info.plist; sourceTree = "<group>"; };
		BD73FC33244436AF00AE9D81 /* ProductCatExampleTests.xctest */ = {isa = PBXFileReference; explicitFileType = wrapper.cfbundle; includeInIndex = 0; path = ProductCatExampleTests.xctest; sourceTree = BUILT_PRODUCTS_DIR; };
		BD73FC37244436AF00AE9D81 /* ProductCatExampleTests.swift */ = {isa = PBXFileReference; lastKnownFileType = sourcecode.swift; path = ProductCatExampleTests.swift; sourceTree = "<group>"; };
		BD73FC39244436AF00AE9D81 /* Info.plist */ = {isa = PBXFileReference; lastKnownFileType = text.plist.xml; path = Info.plist; sourceTree = "<group>"; };
		BD73FC3E244436AF00AE9D81 /* ProductCatExampleUITests.xctest */ = {isa = PBXFileReference; explicitFileType = wrapper.cfbundle; includeInIndex = 0; path = ProductCatExampleUITests.xctest; sourceTree = BUILT_PRODUCTS_DIR; };
		BD73FC42244436AF00AE9D81 /* ProductCatExampleUITests.swift */ = {isa = PBXFileReference; lastKnownFileType = sourcecode.swift; path = ProductCatExampleUITests.swift; sourceTree = "<group>"; };
		BD73FC44244436AF00AE9D81 /* Info.plist */ = {isa = PBXFileReference; lastKnownFileType = text.plist.xml; path = Info.plist; sourceTree = "<group>"; };
		BD73FC592444370A00AE9D81 /* ProductCat.xcodeproj */ = {isa = PBXFileReference; lastKnownFileType = "wrapper.pb-project"; name = ProductCat.xcodeproj; path = ../ProductCat/ProductCat.xcodeproj; sourceTree = "<group>"; };
		BDCFBD2924448D6300367FB4 /* AdSupport.framework */ = {isa = PBXFileReference; lastKnownFileType = wrapper.framework; name = AdSupport.framework; path = System/Library/Frameworks/AdSupport.framework; sourceTree = SDKROOT; };
		C102E0FAB0BF7C0A402AB308 /* Pods-ProductCatExampleTests.release.xcconfig */ = {isa = PBXFileReference; includeInIndex = 1; lastKnownFileType = text.xcconfig; name = "Pods-ProductCatExampleTests.release.xcconfig"; path = "Target Support Files/Pods-ProductCatExampleTests/Pods-ProductCatExampleTests.release.xcconfig"; sourceTree = "<group>"; };
		EAEF054DD5CFB52B6CB3AE8B /* Pods_ProductCatExample_ProductCatExampleUITests.framework */ = {isa = PBXFileReference; explicitFileType = wrapper.framework; includeInIndex = 0; path = Pods_ProductCatExample_ProductCatExampleUITests.framework; sourceTree = BUILT_PRODUCTS_DIR; };
/* End PBXFileReference section */

/* Begin PBXFrameworksBuildPhase section */
		BD73FC1A244436AC00AE9D81 /* Frameworks */ = {
			isa = PBXFrameworksBuildPhase;
			buildActionMask = 2147483647;
			files = (
				BD4427D5244991E20026252F /* SafariServices.framework in Frameworks */,
				BDCFBD2C24448D6300367FB4 /* AdSupport.framework in Frameworks */,
				BD73FC6324443FA500AE9D81 /* ProductCat.framework in Frameworks */,
				52D0A2E58B6858FE0FBF120F /* Pods_ProductCatExample.framework in Frameworks */,
			);
			runOnlyForDeploymentPostprocessing = 0;
		};
		BD73FC30244436AF00AE9D81 /* Frameworks */ = {
			isa = PBXFrameworksBuildPhase;
			buildActionMask = 2147483647;
			files = (
				49560E694E7FB30E64256739 /* Pods_ProductCatExampleTests.framework in Frameworks */,
			);
			runOnlyForDeploymentPostprocessing = 0;
		};
		BD73FC3B244436AF00AE9D81 /* Frameworks */ = {
			isa = PBXFrameworksBuildPhase;
			buildActionMask = 2147483647;
			files = (
				59AE9DD9731EF960B9041E5D /* Pods_ProductCatExample_ProductCatExampleUITests.framework in Frameworks */,
			);
			runOnlyForDeploymentPostprocessing = 0;
		};
/* End PBXFrameworksBuildPhase section */

/* Begin PBXGroup section */
		508E1160F341E2C67D786AB5 /* Pods */ = {
			isa = PBXGroup;
			children = (
				6F92D0914BC02BCDD5B83444 /* Pods-ProductCatExample.debug.xcconfig */,
				393D9AF36BCB6C5585AB0ECC /* Pods-ProductCatExample.release.xcconfig */,
				8A7C5CBD1C3E1EF64AB032F9 /* Pods-ProductCatExample-ProductCatExampleUITests.debug.xcconfig */,
				73C37641B2D83141BC8AB6CB /* Pods-ProductCatExample-ProductCatExampleUITests.release.xcconfig */,
				A24E089501E7FD3151EE1154 /* Pods-ProductCatExampleTests.debug.xcconfig */,
				C102E0FAB0BF7C0A402AB308 /* Pods-ProductCatExampleTests.release.xcconfig */,
			);
			path = Pods;
			sourceTree = "<group>";
		};
		BD73FC14244436AC00AE9D81 = {
			isa = PBXGroup;
			children = (
				BD73FC592444370A00AE9D81 /* ProductCat.xcodeproj */,
				BD73FC1F244436AC00AE9D81 /* ProductCatExample */,
				BD73FC36244436AF00AE9D81 /* ProductCatExampleTests */,
				BD73FC41244436AF00AE9D81 /* ProductCatExampleUITests */,
				BD73FC1E244436AC00AE9D81 /* Products */,
				BD73FC6224443FA500AE9D81 /* Frameworks */,
				508E1160F341E2C67D786AB5 /* Pods */,
			);
			sourceTree = "<group>";
		};
		BD73FC1E244436AC00AE9D81 /* Products */ = {
			isa = PBXGroup;
			children = (
				BD73FC1D244436AC00AE9D81 /* ProductCatExample.app */,
				BD73FC33244436AF00AE9D81 /* ProductCatExampleTests.xctest */,
				BD73FC3E244436AF00AE9D81 /* ProductCatExampleUITests.xctest */,
			);
			name = Products;
			sourceTree = "<group>";
		};
		BD73FC1F244436AC00AE9D81 /* ProductCatExample */ = {
			isa = PBXGroup;
			children = (
				BD73FC20244436AD00AE9D81 /* AppDelegate.swift */,
				BD73FC22244436AD00AE9D81 /* SceneDelegate.swift */,
				BD73FC24244436AD00AE9D81 /* ViewController.swift */,
				BD4427D1244989360026252F /* CameraPreviewViewController.swift */,
				BD73FC26244436AD00AE9D81 /* Main.storyboard */,
				BD73FC29244436AF00AE9D81 /* Assets.xcassets */,
				BD73FC2B244436AF00AE9D81 /* LaunchScreen.storyboard */,
				BD73FC2E244436AF00AE9D81 /* Info.plist */,
			);
			path = ProductCatExample;
			sourceTree = "<group>";
		};
		BD73FC36244436AF00AE9D81 /* ProductCatExampleTests */ = {
			isa = PBXGroup;
			children = (
				BD73FC37244436AF00AE9D81 /* ProductCatExampleTests.swift */,
				BD73FC39244436AF00AE9D81 /* Info.plist */,
			);
			path = ProductCatExampleTests;
			sourceTree = "<group>";
		};
		BD73FC41244436AF00AE9D81 /* ProductCatExampleUITests */ = {
			isa = PBXGroup;
			children = (
				BD73FC42244436AF00AE9D81 /* ProductCatExampleUITests.swift */,
				BD73FC44244436AF00AE9D81 /* Info.plist */,
			);
			path = ProductCatExampleUITests;
			sourceTree = "<group>";
		};
		BD73FC5A2444370A00AE9D81 /* Products */ = {
			isa = PBXGroup;
			children = (
				BD73FC5F2444370A00AE9D81 /* ProductCat.framework */,
				BD73FC612444370A00AE9D81 /* ProductCatTests.xctest */,
			);
			name = Products;
			sourceTree = "<group>";
		};
		BD73FC6224443FA500AE9D81 /* Frameworks */ = {
			isa = PBXGroup;
			children = (
				BD4427D4244991E20026252F /* SafariServices.framework */,
				BDCFBD2924448D6300367FB4 /* AdSupport.framework */,
				A74C2EFC968CBEA807DEB31D /* Pods_ProductCatExample.framework */,
				EAEF054DD5CFB52B6CB3AE8B /* Pods_ProductCatExample_ProductCatExampleUITests.framework */,
				9BC0AAEE95A78B61A01F713A /* Pods_ProductCatExampleTests.framework */,
			);
			name = Frameworks;
			sourceTree = "<group>";
		};
/* End PBXGroup section */

/* Begin PBXNativeTarget section */
		BD73FC1C244436AC00AE9D81 /* ProductCatExample */ = {
			isa = PBXNativeTarget;
			buildConfigurationList = BD73FC47244436AF00AE9D81 /* Build configuration list for PBXNativeTarget "ProductCatExample" */;
			buildPhases = (
				627BA7ADF81B01F735250CBF /* [CP] Check Pods Manifest.lock */,
				BD73FC19244436AC00AE9D81 /* Sources */,
				BD73FC1A244436AC00AE9D81 /* Frameworks */,
				BD73FC1B244436AC00AE9D81 /* Resources */,
				BDCFBD3024448E9900367FB4 /* Embed Frameworks */,
				DD08B967118735A19FEFEF3D /* [CP] Embed Pods Frameworks */,
			);
			buildRules = (
			);
			dependencies = (
				BDCFBD2E24448DCE00367FB4 /* PBXTargetDependency */,
			);
			name = ProductCatExample;
			productName = ProductCatExample;
			productReference = BD73FC1D244436AC00AE9D81 /* ProductCatExample.app */;
			productType = "com.apple.product-type.application";
		};
		BD73FC32244436AF00AE9D81 /* ProductCatExampleTests */ = {
			isa = PBXNativeTarget;
			buildConfigurationList = BD73FC4A244436AF00AE9D81 /* Build configuration list for PBXNativeTarget "ProductCatExampleTests" */;
			buildPhases = (
				8F28559E41F45555C4F3FDAA /* [CP] Check Pods Manifest.lock */,
				BD73FC2F244436AF00AE9D81 /* Sources */,
				BD73FC30244436AF00AE9D81 /* Frameworks */,
				BD73FC31244436AF00AE9D81 /* Resources */,
			);
			buildRules = (
			);
			dependencies = (
				BD73FC35244436AF00AE9D81 /* PBXTargetDependency */,
			);
			name = ProductCatExampleTests;
			productName = ProductCatExampleTests;
			productReference = BD73FC33244436AF00AE9D81 /* ProductCatExampleTests.xctest */;
			productType = "com.apple.product-type.bundle.unit-test";
		};
		BD73FC3D244436AF00AE9D81 /* ProductCatExampleUITests */ = {
			isa = PBXNativeTarget;
			buildConfigurationList = BD73FC4D244436AF00AE9D81 /* Build configuration list for PBXNativeTarget "ProductCatExampleUITests" */;
			buildPhases = (
				64814F7F22868927A84B286A /* [CP] Check Pods Manifest.lock */,
				BD73FC3A244436AF00AE9D81 /* Sources */,
				BD73FC3B244436AF00AE9D81 /* Frameworks */,
				BD73FC3C244436AF00AE9D81 /* Resources */,
				0CAF9A4F8ABF06E0315628F6 /* [CP] Embed Pods Frameworks */,
			);
			buildRules = (
			);
			dependencies = (
				BD73FC40244436AF00AE9D81 /* PBXTargetDependency */,
			);
			name = ProductCatExampleUITests;
			productName = ProductCatExampleUITests;
			productReference = BD73FC3E244436AF00AE9D81 /* ProductCatExampleUITests.xctest */;
			productType = "com.apple.product-type.bundle.ui-testing";
		};
/* End PBXNativeTarget section */

/* Begin PBXProject section */
		BD73FC15244436AC00AE9D81 /* Project object */ = {
			isa = PBXProject;
			attributes = {
				LastSwiftUpdateCheck = 1130;
				LastUpgradeCheck = 1130;
				ORGANIZATIONNAME = ViSenze;
				TargetAttributes = {
					BD73FC1C244436AC00AE9D81 = {
						CreatedOnToolsVersion = 11.3.1;
					};
					BD73FC32244436AF00AE9D81 = {
						CreatedOnToolsVersion = 11.3.1;
						TestTargetID = BD73FC1C244436AC00AE9D81;
					};
					BD73FC3D244436AF00AE9D81 = {
						CreatedOnToolsVersion = 11.3.1;
						TestTargetID = BD73FC1C244436AC00AE9D81;
					};
				};
			};
			buildConfigurationList = BD73FC18244436AC00AE9D81 /* Build configuration list for PBXProject "ProductCatExample" */;
			compatibilityVersion = "Xcode 9.3";
			developmentRegion = en;
			hasScannedForEncodings = 0;
			knownRegions = (
				en,
				Base,
			);
			mainGroup = BD73FC14244436AC00AE9D81;
			productRefGroup = BD73FC1E244436AC00AE9D81 /* Products */;
			projectDirPath = "";
			projectReferences = (
				{
					ProductGroup = BD73FC5A2444370A00AE9D81 /* Products */;
					ProjectRef = BD73FC592444370A00AE9D81 /* ProductCat.xcodeproj */;
				},
			);
			projectRoot = "";
			targets = (
				BD73FC1C244436AC00AE9D81 /* ProductCatExample */,
				BD73FC32244436AF00AE9D81 /* ProductCatExampleTests */,
				BD73FC3D244436AF00AE9D81 /* ProductCatExampleUITests */,
			);
		};
/* End PBXProject section */

/* Begin PBXReferenceProxy section */
		BD73FC5F2444370A00AE9D81 /* ProductCat.framework */ = {
			isa = PBXReferenceProxy;
			fileType = wrapper.framework;
			path = ProductCat.framework;
			remoteRef = BD73FC5E2444370A00AE9D81 /* PBXContainerItemProxy */;
			sourceTree = BUILT_PRODUCTS_DIR;
		};
		BD73FC612444370A00AE9D81 /* ProductCatTests.xctest */ = {
			isa = PBXReferenceProxy;
			fileType = wrapper.cfbundle;
			path = ProductCatTests.xctest;
			remoteRef = BD73FC602444370A00AE9D81 /* PBXContainerItemProxy */;
			sourceTree = BUILT_PRODUCTS_DIR;
		};
/* End PBXReferenceProxy section */

/* Begin PBXResourcesBuildPhase section */
		BD73FC1B244436AC00AE9D81 /* Resources */ = {
			isa = PBXResourcesBuildPhase;
			buildActionMask = 2147483647;
			files = (
				BD73FC2D244436AF00AE9D81 /* LaunchScreen.storyboard in Resources */,
				BD73FC2A244436AF00AE9D81 /* Assets.xcassets in Resources */,
				BD73FC28244436AD00AE9D81 /* Main.storyboard in Resources */,
			);
			runOnlyForDeploymentPostprocessing = 0;
		};
		BD73FC31244436AF00AE9D81 /* Resources */ = {
			isa = PBXResourcesBuildPhase;
			buildActionMask = 2147483647;
			files = (
			);
			runOnlyForDeploymentPostprocessing = 0;
		};
		BD73FC3C244436AF00AE9D81 /* Resources */ = {
			isa = PBXResourcesBuildPhase;
			buildActionMask = 2147483647;
			files = (
			);
			runOnlyForDeploymentPostprocessing = 0;
		};
/* End PBXResourcesBuildPhase section */

/* Begin PBXShellScriptBuildPhase section */
		0CAF9A4F8ABF06E0315628F6 /* [CP] Embed Pods Frameworks */ = {
			isa = PBXShellScriptBuildPhase;
			buildActionMask = 2147483647;
			files = (
			);
			inputFileListPaths = (
				"${PODS_ROOT}/Target Support Files/Pods-ProductCatExample-ProductCatExampleUITests/Pods-ProductCatExample-ProductCatExampleUITests-frameworks-${CONFIGURATION}-input-files.xcfilelist",
			);
			name = "[CP] Embed Pods Frameworks";
			outputFileListPaths = (
				"${PODS_ROOT}/Target Support Files/Pods-ProductCatExample-ProductCatExampleUITests/Pods-ProductCatExample-ProductCatExampleUITests-frameworks-${CONFIGURATION}-output-files.xcfilelist",
			);
			runOnlyForDeploymentPostprocessing = 0;
			shellPath = /bin/sh;
			shellScript = "\"${PODS_ROOT}/Target Support Files/Pods-ProductCatExample-ProductCatExampleUITests/Pods-ProductCatExample-ProductCatExampleUITests-frameworks.sh\"\n";
			showEnvVarsInLog = 0;
		};
		627BA7ADF81B01F735250CBF /* [CP] Check Pods Manifest.lock */ = {
			isa = PBXShellScriptBuildPhase;
			buildActionMask = 2147483647;
			files = (
			);
			inputFileListPaths = (
			);
			inputPaths = (
				"${PODS_PODFILE_DIR_PATH}/Podfile.lock",
				"${PODS_ROOT}/Manifest.lock",
			);
			name = "[CP] Check Pods Manifest.lock";
			outputFileListPaths = (
			);
			outputPaths = (
				"$(DERIVED_FILE_DIR)/Pods-ProductCatExample-checkManifestLockResult.txt",
			);
			runOnlyForDeploymentPostprocessing = 0;
			shellPath = /bin/sh;
			shellScript = "diff \"${PODS_PODFILE_DIR_PATH}/Podfile.lock\" \"${PODS_ROOT}/Manifest.lock\" > /dev/null\nif [ $? != 0 ] ; then\n    # print error to STDERR\n    echo \"error: The sandbox is not in sync with the Podfile.lock. Run 'pod install' or update your CocoaPods installation.\" >&2\n    exit 1\nfi\n# This output is used by Xcode 'outputs' to avoid re-running this script phase.\necho \"SUCCESS\" > \"${SCRIPT_OUTPUT_FILE_0}\"\n";
			showEnvVarsInLog = 0;
		};
		64814F7F22868927A84B286A /* [CP] Check Pods Manifest.lock */ = {
			isa = PBXShellScriptBuildPhase;
			buildActionMask = 2147483647;
			files = (
			);
			inputFileListPaths = (
			);
			inputPaths = (
				"${PODS_PODFILE_DIR_PATH}/Podfile.lock",
				"${PODS_ROOT}/Manifest.lock",
			);
			name = "[CP] Check Pods Manifest.lock";
			outputFileListPaths = (
			);
			outputPaths = (
				"$(DERIVED_FILE_DIR)/Pods-ProductCatExample-ProductCatExampleUITests-checkManifestLockResult.txt",
			);
			runOnlyForDeploymentPostprocessing = 0;
			shellPath = /bin/sh;
			shellScript = "diff \"${PODS_PODFILE_DIR_PATH}/Podfile.lock\" \"${PODS_ROOT}/Manifest.lock\" > /dev/null\nif [ $? != 0 ] ; then\n    # print error to STDERR\n    echo \"error: The sandbox is not in sync with the Podfile.lock. Run 'pod install' or update your CocoaPods installation.\" >&2\n    exit 1\nfi\n# This output is used by Xcode 'outputs' to avoid re-running this script phase.\necho \"SUCCESS\" > \"${SCRIPT_OUTPUT_FILE_0}\"\n";
			showEnvVarsInLog = 0;
		};
		8F28559E41F45555C4F3FDAA /* [CP] Check Pods Manifest.lock */ = {
			isa = PBXShellScriptBuildPhase;
			buildActionMask = 2147483647;
			files = (
			);
			inputFileListPaths = (
			);
			inputPaths = (
				"${PODS_PODFILE_DIR_PATH}/Podfile.lock",
				"${PODS_ROOT}/Manifest.lock",
			);
			name = "[CP] Check Pods Manifest.lock";
			outputFileListPaths = (
			);
			outputPaths = (
				"$(DERIVED_FILE_DIR)/Pods-ProductCatExampleTests-checkManifestLockResult.txt",
			);
			runOnlyForDeploymentPostprocessing = 0;
			shellPath = /bin/sh;
			shellScript = "diff \"${PODS_PODFILE_DIR_PATH}/Podfile.lock\" \"${PODS_ROOT}/Manifest.lock\" > /dev/null\nif [ $? != 0 ] ; then\n    # print error to STDERR\n    echo \"error: The sandbox is not in sync with the Podfile.lock. Run 'pod install' or update your CocoaPods installation.\" >&2\n    exit 1\nfi\n# This output is used by Xcode 'outputs' to avoid re-running this script phase.\necho \"SUCCESS\" > \"${SCRIPT_OUTPUT_FILE_0}\"\n";
			showEnvVarsInLog = 0;
		};
		DD08B967118735A19FEFEF3D /* [CP] Embed Pods Frameworks */ = {
			isa = PBXShellScriptBuildPhase;
			buildActionMask = 2147483647;
			files = (
			);
			inputFileListPaths = (
				"${PODS_ROOT}/Target Support Files/Pods-ProductCatExample/Pods-ProductCatExample-frameworks-${CONFIGURATION}-input-files.xcfilelist",
			);
			name = "[CP] Embed Pods Frameworks";
			outputFileListPaths = (
				"${PODS_ROOT}/Target Support Files/Pods-ProductCatExample/Pods-ProductCatExample-frameworks-${CONFIGURATION}-output-files.xcfilelist",
			);
			runOnlyForDeploymentPostprocessing = 0;
			shellPath = /bin/sh;
			shellScript = "\"${PODS_ROOT}/Target Support Files/Pods-ProductCatExample/Pods-ProductCatExample-frameworks.sh\"\n";
			showEnvVarsInLog = 0;
		};
/* End PBXShellScriptBuildPhase section */

/* Begin PBXSourcesBuildPhase section */
		BD73FC19244436AC00AE9D81 /* Sources */ = {
			isa = PBXSourcesBuildPhase;
			buildActionMask = 2147483647;
			files = (
				BD73FC25244436AD00AE9D81 /* ViewController.swift in Sources */,
				BD73FC21244436AD00AE9D81 /* AppDelegate.swift in Sources */,
				BD4427D2244989360026252F /* CameraPreviewViewController.swift in Sources */,
				BD73FC23244436AD00AE9D81 /* SceneDelegate.swift in Sources */,
			);
			runOnlyForDeploymentPostprocessing = 0;
		};
		BD73FC2F244436AF00AE9D81 /* Sources */ = {
			isa = PBXSourcesBuildPhase;
			buildActionMask = 2147483647;
			files = (
				BD73FC38244436AF00AE9D81 /* ProductCatExampleTests.swift in Sources */,
			);
			runOnlyForDeploymentPostprocessing = 0;
		};
		BD73FC3A244436AF00AE9D81 /* Sources */ = {
			isa = PBXSourcesBuildPhase;
			buildActionMask = 2147483647;
			files = (
				BD73FC43244436AF00AE9D81 /* ProductCatExampleUITests.swift in Sources */,
			);
			runOnlyForDeploymentPostprocessing = 0;
		};
/* End PBXSourcesBuildPhase section */

/* Begin PBXTargetDependency section */
		BD73FC35244436AF00AE9D81 /* PBXTargetDependency */ = {
			isa = PBXTargetDependency;
			target = BD73FC1C244436AC00AE9D81 /* ProductCatExample */;
			targetProxy = BD73FC34244436AF00AE9D81 /* PBXContainerItemProxy */;
		};
		BD73FC40244436AF00AE9D81 /* PBXTargetDependency */ = {
			isa = PBXTargetDependency;
			target = BD73FC1C244436AC00AE9D81 /* ProductCatExample */;
			targetProxy = BD73FC3F244436AF00AE9D81 /* PBXContainerItemProxy */;
		};
		BDCFBD2E24448DCE00367FB4 /* PBXTargetDependency */ = {
			isa = PBXTargetDependency;
			name = ProductCat;
			targetProxy = BDCFBD2D24448DCE00367FB4 /* PBXContainerItemProxy */;
		};
/* End PBXTargetDependency section */

/* Begin PBXVariantGroup section */
		BD73FC26244436AD00AE9D81 /* Main.storyboard */ = {
			isa = PBXVariantGroup;
			children = (
				BD73FC27244436AD00AE9D81 /* Base */,
			);
			name = Main.storyboard;
			sourceTree = "<group>";
		};
		BD73FC2B244436AF00AE9D81 /* LaunchScreen.storyboard */ = {
			isa = PBXVariantGroup;
			children = (
				BD73FC2C244436AF00AE9D81 /* Base */,
			);
			name = LaunchScreen.storyboard;
			sourceTree = "<group>";
		};
/* End PBXVariantGroup section */

/* Begin XCBuildConfiguration section */
		BD73FC45244436AF00AE9D81 /* Debug */ = {
			isa = XCBuildConfiguration;
			buildSettings = {
				ALWAYS_SEARCH_USER_PATHS = NO;
				CLANG_ANALYZER_NONNULL = YES;
				CLANG_ANALYZER_NUMBER_OBJECT_CONVERSION = YES_AGGRESSIVE;
				CLANG_CXX_LANGUAGE_STANDARD = "gnu++14";
				CLANG_CXX_LIBRARY = "libc++";
				CLANG_ENABLE_MODULES = YES;
				CLANG_ENABLE_OBJC_ARC = YES;
				CLANG_ENABLE_OBJC_WEAK = YES;
				CLANG_WARN_BLOCK_CAPTURE_AUTORELEASING = YES;
				CLANG_WARN_BOOL_CONVERSION = YES;
				CLANG_WARN_COMMA = YES;
				CLANG_WARN_CONSTANT_CONVERSION = YES;
				CLANG_WARN_DEPRECATED_OBJC_IMPLEMENTATIONS = YES;
				CLANG_WARN_DIRECT_OBJC_ISA_USAGE = YES_ERROR;
				CLANG_WARN_DOCUMENTATION_COMMENTS = YES;
				CLANG_WARN_EMPTY_BODY = YES;
				CLANG_WARN_ENUM_CONVERSION = YES;
				CLANG_WARN_INFINITE_RECURSION = YES;
				CLANG_WARN_INT_CONVERSION = YES;
				CLANG_WARN_NON_LITERAL_NULL_CONVERSION = YES;
				CLANG_WARN_OBJC_IMPLICIT_RETAIN_SELF = YES;
				CLANG_WARN_OBJC_LITERAL_CONVERSION = YES;
				CLANG_WARN_OBJC_ROOT_CLASS = YES_ERROR;
				CLANG_WARN_RANGE_LOOP_ANALYSIS = YES;
				CLANG_WARN_STRICT_PROTOTYPES = YES;
				CLANG_WARN_SUSPICIOUS_MOVE = YES;
				CLANG_WARN_UNGUARDED_AVAILABILITY = YES_AGGRESSIVE;
				CLANG_WARN_UNREACHABLE_CODE = YES;
				CLANG_WARN__DUPLICATE_METHOD_MATCH = YES;
				COPY_PHASE_STRIP = NO;
				DEBUG_INFORMATION_FORMAT = dwarf;
				ENABLE_STRICT_OBJC_MSGSEND = YES;
				ENABLE_TESTABILITY = YES;
				GCC_C_LANGUAGE_STANDARD = gnu11;
				GCC_DYNAMIC_NO_PIC = NO;
				GCC_NO_COMMON_BLOCKS = YES;
				GCC_OPTIMIZATION_LEVEL = 0;
				GCC_PREPROCESSOR_DEFINITIONS = (
					"DEBUG=1",
					"$(inherited)",
				);
				GCC_WARN_64_TO_32_BIT_CONVERSION = YES;
				GCC_WARN_ABOUT_RETURN_TYPE = YES_ERROR;
				GCC_WARN_UNDECLARED_SELECTOR = YES;
				GCC_WARN_UNINITIALIZED_AUTOS = YES_AGGRESSIVE;
				GCC_WARN_UNUSED_FUNCTION = YES;
				GCC_WARN_UNUSED_VARIABLE = YES;
				IPHONEOS_DEPLOYMENT_TARGET = 13.2;
				MTL_ENABLE_DEBUG_INFO = INCLUDE_SOURCE;
				MTL_FAST_MATH = YES;
				ONLY_ACTIVE_ARCH = YES;
				SDKROOT = iphoneos;
				SWIFT_ACTIVE_COMPILATION_CONDITIONS = DEBUG;
				SWIFT_OPTIMIZATION_LEVEL = "-Onone";
			};
			name = Debug;
		};
		BD73FC46244436AF00AE9D81 /* Release */ = {
			isa = XCBuildConfiguration;
			buildSettings = {
				ALWAYS_SEARCH_USER_PATHS = NO;
				CLANG_ANALYZER_NONNULL = YES;
				CLANG_ANALYZER_NUMBER_OBJECT_CONVERSION = YES_AGGRESSIVE;
				CLANG_CXX_LANGUAGE_STANDARD = "gnu++14";
				CLANG_CXX_LIBRARY = "libc++";
				CLANG_ENABLE_MODULES = YES;
				CLANG_ENABLE_OBJC_ARC = YES;
				CLANG_ENABLE_OBJC_WEAK = YES;
				CLANG_WARN_BLOCK_CAPTURE_AUTORELEASING = YES;
				CLANG_WARN_BOOL_CONVERSION = YES;
				CLANG_WARN_COMMA = YES;
				CLANG_WARN_CONSTANT_CONVERSION = YES;
				CLANG_WARN_DEPRECATED_OBJC_IMPLEMENTATIONS = YES;
				CLANG_WARN_DIRECT_OBJC_ISA_USAGE = YES_ERROR;
				CLANG_WARN_DOCUMENTATION_COMMENTS = YES;
				CLANG_WARN_EMPTY_BODY = YES;
				CLANG_WARN_ENUM_CONVERSION = YES;
				CLANG_WARN_INFINITE_RECURSION = YES;
				CLANG_WARN_INT_CONVERSION = YES;
				CLANG_WARN_NON_LITERAL_NULL_CONVERSION = YES;
				CLANG_WARN_OBJC_IMPLICIT_RETAIN_SELF = YES;
				CLANG_WARN_OBJC_LITERAL_CONVERSION = YES;
				CLANG_WARN_OBJC_ROOT_CLASS = YES_ERROR;
				CLANG_WARN_RANGE_LOOP_ANALYSIS = YES;
				CLANG_WARN_STRICT_PROTOTYPES = YES;
				CLANG_WARN_SUSPICIOUS_MOVE = YES;
				CLANG_WARN_UNGUARDED_AVAILABILITY = YES_AGGRESSIVE;
				CLANG_WARN_UNREACHABLE_CODE = YES;
				CLANG_WARN__DUPLICATE_METHOD_MATCH = YES;
				COPY_PHASE_STRIP = NO;
				DEBUG_INFORMATION_FORMAT = "dwarf-with-dsym";
				ENABLE_NS_ASSERTIONS = NO;
				ENABLE_STRICT_OBJC_MSGSEND = YES;
				GCC_C_LANGUAGE_STANDARD = gnu11;
				GCC_NO_COMMON_BLOCKS = YES;
				GCC_WARN_64_TO_32_BIT_CONVERSION = YES;
				GCC_WARN_ABOUT_RETURN_TYPE = YES_ERROR;
				GCC_WARN_UNDECLARED_SELECTOR = YES;
				GCC_WARN_UNINITIALIZED_AUTOS = YES_AGGRESSIVE;
				GCC_WARN_UNUSED_FUNCTION = YES;
				GCC_WARN_UNUSED_VARIABLE = YES;
				IPHONEOS_DEPLOYMENT_TARGET = 13.2;
				MTL_ENABLE_DEBUG_INFO = NO;
				MTL_FAST_MATH = YES;
				SDKROOT = iphoneos;
				SWIFT_COMPILATION_MODE = wholemodule;
				SWIFT_OPTIMIZATION_LEVEL = "-O";
				VALIDATE_PRODUCT = YES;
			};
			name = Release;
		};
		BD73FC48244436AF00AE9D81 /* Debug */ = {
			isa = XCBuildConfiguration;
			baseConfigurationReference = 6F92D0914BC02BCDD5B83444 /* Pods-ProductCatExample.debug.xcconfig */;
			buildSettings = {
				ASSETCATALOG_COMPILER_APPICON_NAME = AppIcon;
				CODE_SIGN_STYLE = Automatic;
				DEVELOPMENT_TEAM = NKN6QECX9M;
				INFOPLIST_FILE = ProductCatExample/Info.plist;
				LD_RUNPATH_SEARCH_PATHS = (
					"$(inherited)",
					"@executable_path/Frameworks",
				);
				MARKETING_VERSION = 1.0;
				PRODUCT_BUNDLE_IDENTIFIER = com.visenze.ProductCatExample;
				PRODUCT_NAME = "$(TARGET_NAME)";
				SWIFT_VERSION = 5.0;
				TARGETED_DEVICE_FAMILY = 1;
			};
			name = Debug;
		};
		BD73FC49244436AF00AE9D81 /* Release */ = {
			isa = XCBuildConfiguration;
			baseConfigurationReference = 393D9AF36BCB6C5585AB0ECC /* Pods-ProductCatExample.release.xcconfig */;
			buildSettings = {
				ASSETCATALOG_COMPILER_APPICON_NAME = AppIcon;
				CODE_SIGN_STYLE = Automatic;
				DEVELOPMENT_TEAM = NKN6QECX9M;
				INFOPLIST_FILE = ProductCatExample/Info.plist;
				LD_RUNPATH_SEARCH_PATHS = (
					"$(inherited)",
					"@executable_path/Frameworks",
				);
				MARKETING_VERSION = 1.0;
				PRODUCT_BUNDLE_IDENTIFIER = com.visenze.ProductCatExample;
				PRODUCT_NAME = "$(TARGET_NAME)";
				SWIFT_VERSION = 5.0;
				TARGETED_DEVICE_FAMILY = 1;
			};
			name = Release;
		};
		BD73FC4B244436AF00AE9D81 /* Debug */ = {
			isa = XCBuildConfiguration;
			baseConfigurationReference = A24E089501E7FD3151EE1154 /* Pods-ProductCatExampleTests.debug.xcconfig */;
			buildSettings = {
				ALWAYS_EMBED_SWIFT_STANDARD_LIBRARIES = YES;
				BUNDLE_LOADER = "$(TEST_HOST)";
				CODE_SIGN_STYLE = Automatic;
				DEVELOPMENT_TEAM = NKN6QECX9M;
				INFOPLIST_FILE = ProductCatExampleTests/Info.plist;
				IPHONEOS_DEPLOYMENT_TARGET = 13.2;
				LD_RUNPATH_SEARCH_PATHS = (
					"$(inherited)",
					"@executable_path/Frameworks",
					"@loader_path/Frameworks",
				);
				PRODUCT_BUNDLE_IDENTIFIER = com.visenze.ProductCatExampleTests;
				PRODUCT_NAME = "$(TARGET_NAME)";
				SWIFT_VERSION = 5.0;
				TARGETED_DEVICE_FAMILY = "1,2";
				TEST_HOST = "$(BUILT_PRODUCTS_DIR)/ProductCatExample.app/ProductCatExample";
			};
			name = Debug;
		};
		BD73FC4C244436AF00AE9D81 /* Release */ = {
			isa = XCBuildConfiguration;
			baseConfigurationReference = C102E0FAB0BF7C0A402AB308 /* Pods-ProductCatExampleTests.release.xcconfig */;
			buildSettings = {
				ALWAYS_EMBED_SWIFT_STANDARD_LIBRARIES = YES;
				BUNDLE_LOADER = "$(TEST_HOST)";
				CODE_SIGN_STYLE = Automatic;
				DEVELOPMENT_TEAM = NKN6QECX9M;
				INFOPLIST_FILE = ProductCatExampleTests/Info.plist;
				IPHONEOS_DEPLOYMENT_TARGET = 13.2;
				LD_RUNPATH_SEARCH_PATHS = (
					"$(inherited)",
					"@executable_path/Frameworks",
					"@loader_path/Frameworks",
				);
				PRODUCT_BUNDLE_IDENTIFIER = com.visenze.ProductCatExampleTests;
				PRODUCT_NAME = "$(TARGET_NAME)";
				SWIFT_VERSION = 5.0;
				TARGETED_DEVICE_FAMILY = "1,2";
				TEST_HOST = "$(BUILT_PRODUCTS_DIR)/ProductCatExample.app/ProductCatExample";
			};
			name = Release;
		};
		BD73FC4E244436AF00AE9D81 /* Debug */ = {
			isa = XCBuildConfiguration;
			baseConfigurationReference = 8A7C5CBD1C3E1EF64AB032F9 /* Pods-ProductCatExample-ProductCatExampleUITests.debug.xcconfig */;
			buildSettings = {
				ALWAYS_EMBED_SWIFT_STANDARD_LIBRARIES = YES;
				CODE_SIGN_STYLE = Automatic;
				DEVELOPMENT_TEAM = NKN6QECX9M;
				INFOPLIST_FILE = ProductCatExampleUITests/Info.plist;
				LD_RUNPATH_SEARCH_PATHS = (
					"$(inherited)",
					"@executable_path/Frameworks",
					"@loader_path/Frameworks",
				);
				PRODUCT_BUNDLE_IDENTIFIER = com.visenze.ProductCatExampleUITests;
				PRODUCT_NAME = "$(TARGET_NAME)";
				SWIFT_VERSION = 5.0;
				TARGETED_DEVICE_FAMILY = "1,2";
				TEST_TARGET_NAME = ProductCatExample;
			};
			name = Debug;
		};
		BD73FC4F244436AF00AE9D81 /* Release */ = {
			isa = XCBuildConfiguration;
			baseConfigurationReference = 73C37641B2D83141BC8AB6CB /* Pods-ProductCatExample-ProductCatExampleUITests.release.xcconfig */;
			buildSettings = {
				ALWAYS_EMBED_SWIFT_STANDARD_LIBRARIES = YES;
				CODE_SIGN_STYLE = Automatic;
				DEVELOPMENT_TEAM = NKN6QECX9M;
				INFOPLIST_FILE = ProductCatExampleUITests/Info.plist;
				LD_RUNPATH_SEARCH_PATHS = (
					"$(inherited)",
					"@executable_path/Frameworks",
					"@loader_path/Frameworks",
				);
				PRODUCT_BUNDLE_IDENTIFIER = com.visenze.ProductCatExampleUITests;
				PRODUCT_NAME = "$(TARGET_NAME)";
				SWIFT_VERSION = 5.0;
				TARGETED_DEVICE_FAMILY = "1,2";
				TEST_TARGET_NAME = ProductCatExample;
			};
			name = Release;
		};
/* End XCBuildConfiguration section */

/* Begin XCConfigurationList section */
		BD73FC18244436AC00AE9D81 /* Build configuration list for PBXProject "ProductCatExample" */ = {
			isa = XCConfigurationList;
			buildConfigurations = (
				BD73FC45244436AF00AE9D81 /* Debug */,
				BD73FC46244436AF00AE9D81 /* Release */,
			);
			defaultConfigurationIsVisible = 0;
			defaultConfigurationName = Release;
		};
		BD73FC47244436AF00AE9D81 /* Build configuration list for PBXNativeTarget "ProductCatExample" */ = {
			isa = XCConfigurationList;
			buildConfigurations = (
				BD73FC48244436AF00AE9D81 /* Debug */,
				BD73FC49244436AF00AE9D81 /* Release */,
			);
			defaultConfigurationIsVisible = 0;
			defaultConfigurationName = Release;
		};
		BD73FC4A244436AF00AE9D81 /* Build configuration list for PBXNativeTarget "ProductCatExampleTests" */ = {
			isa = XCConfigurationList;
			buildConfigurations = (
				BD73FC4B244436AF00AE9D81 /* Debug */,
				BD73FC4C244436AF00AE9D81 /* Release */,
			);
			defaultConfigurationIsVisible = 0;
			defaultConfigurationName = Release;
		};
		BD73FC4D244436AF00AE9D81 /* Build configuration list for PBXNativeTarget "ProductCatExampleUITests" */ = {
			isa = XCConfigurationList;
			buildConfigurations = (
				BD73FC4E244436AF00AE9D81 /* Debug */,
				BD73FC4F244436AF00AE9D81 /* Release */,
			);
			defaultConfigurationIsVisible = 0;
			defaultConfigurationName = Release;
		};
/* End XCConfigurationList section */
	};
	rootObject = BD73FC15244436AC00AE9D81 /* Project object */;
}
